
Microsoft Visual Studio Solution File, Format Version 12.00
# 
Project("{FAE04EC0-301F-11D3-BF4B-00C04F79EFBC}") = "API", "API\API.csproj", "{2E7E15D3-CFCB-4782-B73D-9A4CA4D906FA}"
EndProject
Project("{FAE04EC0-301F-11D3-BF4B-00C04F79EFBC}") = "Core", "Core\Core.csproj", "{05F04744-0E9E-4AB7-BB0A-9C366B774520}"
EndProject
Project("{FAE04EC0-301F-11D3-BF4B-00C04F79EFBC}") = "Infrastructure", "Infrastructure\Infrastructure.csproj", "{ECE68891-3106-496E-A124-5DDDB4CE5799}"
EndProject
Global
	GlobalSection(SolutionConfigurationPlatforms) = preSolution
		Debug|Any CPU = Debug|Any CPU
		Release|Any CPU = Release|Any CPU
	EndGlobalSection
	GlobalSection(ProjectConfigurationPlatforms) = postSolution
		{2E7E15D3-CFCB-4782-B73D-9A4CA4D906FA}.Debug|Any CPU.ActiveCfg = Debug|Any CPU
		{2E7E15D3-CFCB-4782-B73D-9A4CA4D906FA}.Debug|Any CPU.Build.0 = Debug|Any CPU
		{2E7E15D3-CFCB-4782-B73D-9A4CA4D906FA}.Release|Any CPU.ActiveCfg = Release|Any CPU
		{2E7E15D3-CFCB-4782-B73D-9A4CA4D906FA}.Release|Any CPU.Build.0 = Release|Any CPU
		{05F04744-0E9E-4AB7-BB0A-9C366B774520}.Debug|Any CPU.ActiveCfg = Debug|Any CPU
		{05F04744-0E9E-4AB7-BB0A-9C366B774520}.Debug|Any CPU.Build.0 = Debug|Any CPU
		{05F04744-0E9E-4AB7-BB0A-9C366B774520}.Release|Any CPU.ActiveCfg = Release|Any CPU
		{05F04744-0E9E-4AB7-BB0A-9C366B774520}.Release|Any CPU.Build.0 = Release|Any CPU
		{ECE68891-3106-496E-A124-5DDDB4CE5799}.Debug|Any CPU.ActiveCfg = Debug|Any CPU
		{ECE68891-3106-496E-A124-5DDDB4CE5799}.Debug|Any CPU.Build.0 = Debug|Any CPU
		{ECE68891-3106-496E-A124-5DDDB4CE5799}.Release|Any CPU.ActiveCfg = Release|Any CPU
		{ECE68891-3106-496E-A124-5DDDB4CE5799}.Release|Any CPU.Build.0 = Release|Any CPU
	EndGlobalSection
EndGlobal
